
Microsoft Visual Studio Solution File, Format Version 12.00
# Visual Studio 15
VisualStudioVersion = 15.0.28307.271
MinimumVisualStudioVersion = 10.0.40219.1
Project("{9A19103F-16F7-4668-BE54-9A1E7A4F7556}") = "Model", "Model\Model.csproj", "{C2A0FF27-BBDD-4F27-8527-D5D2FACFAABC}"
EndProject
Project("{9A19103F-16F7-4668-BE54-9A1E7A4F7556}") = "WebUICore", "WebUICore\WebUICore.csproj", "{13016E61-8902-41E5-8492-62CA7D4F3711}"
EndProject
Project("{9A19103F-16F7-4668-BE54-9A1E7A4F7556}") = "DAL", "DAL\DAL.csproj", "{1C2984EE-E1DD-4DB6-8AA2-3BB5A9CAE1D4}"
EndProject
Project("{9A19103F-16F7-4668-BE54-9A1E7A4F7556}") = "IDAL", "IDAL\IDAL.csproj", "{BA21739F-B831-460C-B009-F525EC5FB166}"
EndProject
Project("{9A19103F-16F7-4668-BE54-9A1E7A4F7556}") = "IBLL", "IBLL\IBLL.csproj", "{4B9AE116-3039-4635-B937-A279A1FDD5D0}"
EndProject
Project("{9A19103F-16F7-4668-BE54-9A1E7A4F7556}") = "BLL", "BLL\BLL.csproj", "{594DC5CE-0BA8-4BB0-9254-5CD3343CA66E}"
EndProject
Project("{9A19103F-16F7-4668-BE54-9A1E7A4F7556}") = "Common", "Common\Common.csproj", "{2A91E0CD-E024-4B0D-8829-41ABB0BDCA92}"
EndProject
Project("{9A19103F-16F7-4668-BE54-9A1E7A4F7556}") = "TestConsole", "TestConsole\TestConsole.csproj", "{718E879C-27AB-4BFD-B4FC-643D95A44130}"
EndProject
Project("{2150E333-8FDC-42A3-9474-1A3956D46DE8}") = "TestDemo", "TestDemo", "{789B3720-8535-45C1-A83F-9DC4588E5C4F}"
EndProject
Project("{FAE04EC0-301F-11D3-BF4B-00C04F79EFBC}") = "WebServicedemo", "WebServicedemo\WebServicedemo.csproj", "{1068170E-F7BE-4851-9EEA-8CFDDB47A9C1}"
EndProject
Project("{FAE04EC0-301F-11D3-BF4B-00C04F79EFBC}") = "UnitTestProject", "UnitTestProject\UnitTestProject.csproj", "{9E25A788-B7F0-43CF-93FA-030DD3C4B38D}"
	ProjectSection(ProjectDependencies) = postProject
		{1068170E-F7BE-4851-9EEA-8CFDDB47A9C1} = {1068170E-F7BE-4851-9EEA-8CFDDB47A9C1}
	EndProjectSection
EndProject
Project("{FAE04EC0-301F-11D3-BF4B-00C04F79EFBC}") = "WebApiTest", "WebApiTest\WebApiTest.csproj", "{624465B2-FBF4-4C14-8C27-F794CC29AFE4}"
EndProject
Project("{FAE04EC0-301F-11D3-BF4B-00C04F79EFBC}") = "EFDemo", "EFDemo\EFDemo.csproj", "{9CE09326-F288-4D65-9822-236EAF72973A}"
EndProject
Global
	GlobalSection(SolutionConfigurationPlatforms) = preSolution
		Debug|Any CPU = Debug|Any CPU
		Release|Any CPU = Release|Any CPU
	EndGlobalSection
	GlobalSection(ProjectConfigurationPlatforms) = postSolution
		{C2A0FF27-BBDD-4F27-8527-D5D2FACFAABC}.Debug|Any CPU.ActiveCfg = Debug|Any CPU
		{C2A0FF27-BBDD-4F27-8527-D5D2FACFAABC}.Debug|Any CPU.Build.0 = Debug|Any CPU
		{C2A0FF27-BBDD-4F27-8527-D5D2FACFAABC}.Release|Any CPU.ActiveCfg = Release|Any CPU
		{C2A0FF27-BBDD-4F27-8527-D5D2FACFAABC}.Release|Any CPU.Build.0 = Release|Any CPU
		{13016E61-8902-41E5-8492-62CA7D4F3711}.Debug|Any CPU.ActiveCfg = Debug|Any CPU
		{13016E61-8902-41E5-8492-62CA7D4F3711}.Debug|Any CPU.Build.0 = Debug|Any CPU
		{13016E61-8902-41E5-8492-62CA7D4F3711}.Release|Any CPU.ActiveCfg = Release|Any CPU
		{13016E61-8902-41E5-8492-62CA7D4F3711}.Release|Any CPU.Build.0 = Release|Any CPU
		{1C2984EE-E1DD-4DB6-8AA2-3BB5A9CAE1D4}.Debug|Any CPU.ActiveCfg = Debug|Any CPU
		{1C2984EE-E1DD-4DB6-8AA2-3BB5A9CAE1D4}.Debug|Any CPU.Build.0 = Debug|Any CPU
		{1C2984EE-E1DD-4DB6-8AA2-3BB5A9CAE1D4}.Release|Any CPU.ActiveCfg = Release|Any CPU
		{1C2984EE-E1DD-4DB6-8AA2-3BB5A9CAE1D4}.Release|Any CPU.Build.0 = Release|Any CPU
		{BA21739F-B831-460C-B009-F525EC5FB166}.Debug|Any CPU.ActiveCfg = Debug|Any CPU
		{BA21739F-B831-460C-B009-F525EC5FB166}.Debug|Any CPU.Build.0 = Debug|Any CPU
		{BA21739F-B831-460C-B009-F525EC5FB166}.Release|Any CPU.ActiveCfg = Release|Any CPU
		{BA21739F-B831-460C-B009-F525EC5FB166}.Release|Any CPU.Build.0 = Release|Any CPU
		{4B9AE116-3039-4635-B937-A279A1FDD5D0}.Debug|Any CPU.ActiveCfg = Debug|Any CPU
		{4B9AE116-3039-4635-B937-A279A1FDD5D0}.Debug|Any CPU.Build.0 = Debug|Any CPU
		{4B9AE116-3039-4635-B937-A279A1FDD5D0}.Release|Any CPU.ActiveCfg = Release|Any CPU
		{4B9AE116-3039-4635-B937-A279A1FDD5D0}.Release|Any CPU.Build.0 = Release|Any CPU
		{594DC5CE-0BA8-4BB0-9254-5CD3343CA66E}.Debug|Any CPU.ActiveCfg = Debug|Any CPU
		{594DC5CE-0BA8-4BB0-9254-5CD3343CA66E}.Debug|Any CPU.Build.0 = Debug|Any CPU
		{594DC5CE-0BA8-4BB0-9254-5CD3343CA66E}.Release|Any CPU.ActiveCfg = Release|Any CPU
		{594DC5CE-0BA8-4BB0-9254-5CD3343CA66E}.Release|Any CPU.Build.0 = Release|Any CPU
		{2A91E0CD-E024-4B0D-8829-41ABB0BDCA92}.Debug|Any CPU.ActiveCfg = Debug|Any CPU
		{2A91E0CD-E024-4B0D-8829-41ABB0BDCA92}.Debug|Any CPU.Build.0 = Debug|Any CPU
		{2A91E0CD-E024-4B0D-8829-41ABB0BDCA92}.Release|Any CPU.ActiveCfg = Release|Any CPU
		{2A91E0CD-E024-4B0D-8829-41ABB0BDCA92}.Release|Any CPU.Build.0 = Release|Any CPU
		{718E879C-27AB-4BFD-B4FC-643D95A44130}.Debug|Any CPU.ActiveCfg = Debug|Any CPU
		{718E879C-27AB-4BFD-B4FC-643D95A44130}.Debug|Any CPU.Build.0 = Debug|Any CPU
		{718E879C-27AB-4BFD-B4FC-643D95A44130}.Release|Any CPU.ActiveCfg = Release|Any CPU
		{718E879C-27AB-4BFD-B4FC-643D95A44130}.Release|Any CPU.Build.0 = Release|Any CPU
		{1068170E-F7BE-4851-9EEA-8CFDDB47A9C1}.Debug|Any CPU.ActiveCfg = Debug|Any CPU
		{1068170E-F7BE-4851-9EEA-8CFDDB47A9C1}.Debug|Any CPU.Build.0 = Debug|Any CPU
		{1068170E-F7BE-4851-9EEA-8CFDDB47A9C1}.Release|Any CPU.ActiveCfg = Release|Any CPU
		{1068170E-F7BE-4851-9EEA-8CFDDB47A9C1}.Release|Any CPU.Build.0 = Release|Any CPU
		{9E25A788-B7F0-43CF-93FA-030DD3C4B38D}.Debug|Any CPU.ActiveCfg = Debug|Any CPU
		{9E25A788-B7F0-43CF-93FA-030DD3C4B38D}.Debug|Any CPU.Build.0 = Debug|Any CPU
		{9E25A788-B7F0-43CF-93FA-030DD3C4B38D}.Release|Any CPU.ActiveCfg = Release|Any CPU
		{9E25A788-B7F0-43CF-93FA-030DD3C4B38D}.Release|Any CPU.Build.0 = Release|Any CPU
		{624465B2-FBF4-4C14-8C27-F794CC29AFE4}.Debug|Any CPU.ActiveCfg = Debug|Any CPU
		{624465B2-FBF4-4C14-8C27-F794CC29AFE4}.Debug|Any CPU.Build.0 = Debug|Any CPU
		{624465B2-FBF4-4C14-8C27-F794CC29AFE4}.Release|Any CPU.ActiveCfg = Release|Any CPU
		{624465B2-FBF4-4C14-8C27-F794CC29AFE4}.Release|Any CPU.Build.0 = Release|Any CPU
		{9CE09326-F288-4D65-9822-236EAF72973A}.Debug|Any CPU.ActiveCfg = Debug|Any CPU
		{9CE09326-F288-4D65-9822-236EAF72973A}.Debug|Any CPU.Build.0 = Debug|Any CPU
		{9CE09326-F288-4D65-9822-236EAF72973A}.Release|Any CPU.ActiveCfg = Release|Any CPU
		{9CE09326-F288-4D65-9822-236EAF72973A}.Release|Any CPU.Build.0 = Release|Any CPU
	EndGlobalSection
	GlobalSection(SolutionProperties) = preSolution
		HideSolutionNode = FALSE
	EndGlobalSection
	GlobalSection(NestedProjects) = preSolution
		{718E879C-27AB-4BFD-B4FC-643D95A44130} = {789B3720-8535-45C1-A83F-9DC4588E5C4F}
		{1068170E-F7BE-4851-9EEA-8CFDDB47A9C1} = {789B3720-8535-45C1-A83F-9DC4588E5C4F}
		{9E25A788-B7F0-43CF-93FA-030DD3C4B38D} = {789B3720-8535-45C1-A83F-9DC4588E5C4F}
		{624465B2-FBF4-4C14-8C27-F794CC29AFE4} = {789B3720-8535-45C1-A83F-9DC4588E5C4F}
		{9CE09326-F288-4D65-9822-236EAF72973A} = {789B3720-8535-45C1-A83F-9DC4588E5C4F}
	EndGlobalSection
	GlobalSection(ExtensibilityGlobals) = postSolution
		SolutionGuid = {99E25E55-7FDD-4446-A132-B8B3EC0A7A4D}
	EndGlobalSection
EndGlobal
